
Microsoft Visual Studio Solution File, Format Version 12.00
Project("{FAE04EC0-301F-11D3-BF4B-00C04F79EFBC}") = "SnakeBattle", "SnakeBattle\SnakeBattle.csproj", "{73949A3A-0A11-4849-BE8B-43DC2158CF25}"
EndProject
Project("{FAE04EC0-301F-11D3-BF4B-00C04F79EFBC}") = "SnakeBattle.Tests", "SnakeBattle.Tests\SnakeBattle.Tests.csproj", "{D106CFDE-F291-4E34-BDB4-7AA513C151E4}"
EndProject
Global
	GlobalSection(SolutionConfigurationPlatforms) = preSolution
		Debug|Any CPU = Debug|Any CPU
		Release|Any CPU = Release|Any CPU
	EndGlobalSection
	GlobalSection(ProjectConfigurationPlatforms) = postSolution
		{73949A3A-0A11-4849-BE8B-43DC2158CF25}.Debug|Any CPU.ActiveCfg = Debug|Any CPU
		{73949A3A-0A11-4849-BE8B-43DC2158CF25}.Debug|Any CPU.Build.0 = Debug|Any CPU
		{73949A3A-0A11-4849-BE8B-43DC2158CF25}.Release|Any CPU.ActiveCfg = Release|Any CPU
		{73949A3A-0A11-4849-BE8B-43DC2158CF25}.Release|Any CPU.Build.0 = Release|Any CPU
		{D106CFDE-F291-4E34-BDB4-7AA513C151E4}.Debug|Any CPU.ActiveCfg = Debug|Any CPU
		{D106CFDE-F291-4E34-BDB4-7AA513C151E4}.Debug|Any CPU.Build.0 = Debug|Any CPU
		{D106CFDE-F291-4E34-BDB4-7AA513C151E4}.Release|Any CPU.ActiveCfg = Release|Any CPU
		{D106CFDE-F291-4E34-BDB4-7AA513C151E4}.Release|Any CPU.Build.0 = Release|Any CPU
	EndGlobalSection
EndGlobal
