
Microsoft Visual Studio Solution File, Format Version 12.00
Project("{FAE04EC0-301F-11D3-BF4B-00C04F79EFBC}") = "BikeClient", "BikeClient\BikeClient.csproj", "{FFFA6791-42CC-4F6C-AB66-462043CC7502}"
EndProject
Global
	GlobalSection(SolutionConfigurationPlatforms) = preSolution
		Debug|Any CPU = Debug|Any CPU
		Release|Any CPU = Release|Any CPU
	EndGlobalSection
	GlobalSection(ProjectConfigurationPlatforms) = postSolution
		{FFFA6791-42CC-4F6C-AB66-462043CC7502}.Debug|Any CPU.ActiveCfg = Debug|Any CPU
		{FFFA6791-42CC-4F6C-AB66-462043CC7502}.Debug|Any CPU.Build.0 = Debug|Any CPU
		{FFFA6791-42CC-4F6C-AB66-462043CC7502}.Release|Any CPU.ActiveCfg = Release|Any CPU
		{FFFA6791-42CC-4F6C-AB66-462043CC7502}.Release|Any CPU.Build.0 = Release|Any CPU
	EndGlobalSection
EndGlobal
