
Microsoft Visual Studio Solution File, Format Version 12.00
# Visual Studio 15
VisualStudioVersion = 15.0.27703.2035
MinimumVisualStudioVersion = 10.0.40219.1
Project("{FAE04EC0-301F-11D3-BF4B-00C04F79EFBC}") = "LemonadeClient", "LemonadeClient.csproj", "{22AEA62F-FF01-4030-A419-24BFE13DBAD8}"
EndProject
Global
	GlobalSection(SolutionConfigurationPlatforms) = preSolution
		Debug|Any CPU = Debug|Any CPU
		Release|Any CPU = Release|Any CPU
	EndGlobalSection
	GlobalSection(ProjectConfigurationPlatforms) = postSolution
		{22AEA62F-FF01-4030-A419-24BFE13DBAD8}.Debug|Any CPU.ActiveCfg = Debug|Any CPU
		{22AEA62F-FF01-4030-A419-24BFE13DBAD8}.Debug|Any CPU.Build.0 = Debug|Any CPU
		{22AEA62F-FF01-4030-A419-24BFE13DBAD8}.Release|Any CPU.ActiveCfg = Release|Any CPU
		{22AEA62F-FF01-4030-A419-24BFE13DBAD8}.Release|Any CPU.Build.0 = Release|Any CPU
	EndGlobalSection
	GlobalSection(SolutionProperties) = preSolution
		HideSolutionNode = FALSE
	EndGlobalSection
	GlobalSection(ExtensibilityGlobals) = postSolution
		SolutionGuid = {C0FF54B4-21F2-491A-80DB-DFB1B7364770}
	EndGlobalSection
EndGlobal
